
Microsoft Visual Studio Solution File, Format Version 12.00
# Visual Studio Version 17
VisualStudioVersion = 17.11.35208.52
MinimumVisualStudioVersion = 10.0.40219.1
Project("{FAE04EC0-301F-11D3-BF4B-00C04F79EFBC}") = "AuthServer.API", "AuthServer\AuthServer.API.csproj", "{CF06459C-957A-4A04-96D5-43FD4CF7FA3D}"
EndProject
Project("{FAE04EC0-301F-11D3-BF4B-00C04F79EFBC}") = "AuthServer.Core", "AuthServer.Core\AuthServer.Core.csproj", "{97D43B31-6472-4234-A657-D436509F7859}"
EndProject
Project("{FAE04EC0-301F-11D3-BF4B-00C04F79EFBC}") = "AuthServer.Data", "AuthServer.Data\AuthServer.Data.csproj", "{BC0E99BD-279C-4B31-9986-899A58E59CB9}"
EndProject
Project("{FAE04EC0-301F-11D3-BF4B-00C04F79EFBC}") = "AuthServer.Service", "AuthServer.Service\AuthServer.Service.csproj", "{37F21188-2F33-4F8C-883C-002124E30093}"
EndProject
Project("{FAE04EC0-301F-11D3-BF4B-00C04F79EFBC}") = "MiniApp1.API", "MiniApp1.API\MiniApp1.API.csproj", "{F67AFADD-63D7-4A8E-8107-62B1885C375A}"
EndProject
Project("{FAE04EC0-301F-11D3-BF4B-00C04F79EFBC}") = "MiniApp2.API", "MiniApp2.API\MiniApp2.API.csproj", "{868B3E72-0855-4977-ABD6-48F6840ED7FF}"
EndProject
Project("{FAE04EC0-301F-11D3-BF4B-00C04F79EFBC}") = "MiniApp3.API", "MiniApp3.API\MiniApp3.API.csproj", "{20047735-63EE-477F-BA63-520726F1D113}"
EndProject
Project("{FAE04EC0-301F-11D3-BF4B-00C04F79EFBC}") = "SharedLibrary", "SharedLibrary\SharedLibrary.csproj", "{E0B1C19C-2C41-4B48-A9DE-71B98BB55C51}"
EndProject
Global
	GlobalSection(SolutionConfigurationPlatforms) = preSolution
		Debug|Any CPU = Debug|Any CPU
		Release|Any CPU = Release|Any CPU
	EndGlobalSection
	GlobalSection(ProjectConfigurationPlatforms) = postSolution
		{CF06459C-957A-4A04-96D5-43FD4CF7FA3D}.Debug|Any CPU.ActiveCfg = Debug|Any CPU
		{CF06459C-957A-4A04-96D5-43FD4CF7FA3D}.Debug|Any CPU.Build.0 = Debug|Any CPU
		{CF06459C-957A-4A04-96D5-43FD4CF7FA3D}.Release|Any CPU.ActiveCfg = Release|Any CPU
		{CF06459C-957A-4A04-96D5-43FD4CF7FA3D}.Release|Any CPU.Build.0 = Release|Any CPU
		{97D43B31-6472-4234-A657-D436509F7859}.Debug|Any CPU.ActiveCfg = Debug|Any CPU
		{97D43B31-6472-4234-A657-D436509F7859}.Debug|Any CPU.Build.0 = Debug|Any CPU
		{97D43B31-6472-4234-A657-D436509F7859}.Release|Any CPU.ActiveCfg = Release|Any CPU
		{97D43B31-6472-4234-A657-D436509F7859}.Release|Any CPU.Build.0 = Release|Any CPU
		{BC0E99BD-279C-4B31-9986-899A58E59CB9}.Debug|Any CPU.ActiveCfg = Debug|Any CPU
		{BC0E99BD-279C-4B31-9986-899A58E59CB9}.Debug|Any CPU.Build.0 = Debug|Any CPU
		{BC0E99BD-279C-4B31-9986-899A58E59CB9}.Release|Any CPU.ActiveCfg = Release|Any CPU
		{BC0E99BD-279C-4B31-9986-899A58E59CB9}.Release|Any CPU.Build.0 = Release|Any CPU
		{37F21188-2F33-4F8C-883C-002124E30093}.Debug|Any CPU.ActiveCfg = Debug|Any CPU
		{37F21188-2F33-4F8C-883C-002124E30093}.Debug|Any CPU.Build.0 = Debug|Any CPU
		{37F21188-2F33-4F8C-883C-002124E30093}.Release|Any CPU.ActiveCfg = Release|Any CPU
		{37F21188-2F33-4F8C-883C-002124E30093}.Release|Any CPU.Build.0 = Release|Any CPU
		{F67AFADD-63D7-4A8E-8107-62B1885C375A}.Debug|Any CPU.ActiveCfg = Debug|Any CPU
		{F67AFADD-63D7-4A8E-8107-62B1885C375A}.Debug|Any CPU.Build.0 = Debug|Any CPU
		{F67AFADD-63D7-4A8E-8107-62B1885C375A}.Release|Any CPU.ActiveCfg = Release|Any CPU
		{F67AFADD-63D7-4A8E-8107-62B1885C375A}.Release|Any CPU.Build.0 = Release|Any CPU
		{868B3E72-0855-4977-ABD6-48F6840ED7FF}.Debug|Any CPU.ActiveCfg = Debug|Any CPU
		{868B3E72-0855-4977-ABD6-48F6840ED7FF}.Debug|Any CPU.Build.0 = Debug|Any CPU
		{868B3E72-0855-4977-ABD6-48F6840ED7FF}.Release|Any CPU.ActiveCfg = Release|Any CPU
		{868B3E72-0855-4977-ABD6-48F6840ED7FF}.Release|Any CPU.Build.0 = Release|Any CPU
		{20047735-63EE-477F-BA63-520726F1D113}.Debug|Any CPU.ActiveCfg = Debug|Any CPU
		{20047735-63EE-477F-BA63-520726F1D113}.Debug|Any CPU.Build.0 = Debug|Any CPU
		{20047735-63EE-477F-BA63-520726F1D113}.Release|Any CPU.ActiveCfg = Release|Any CPU
		{20047735-63EE-477F-BA63-520726F1D113}.Release|Any CPU.Build.0 = Release|Any CPU
		{E0B1C19C-2C41-4B48-A9DE-71B98BB55C51}.Debug|Any CPU.ActiveCfg = Debug|Any CPU
		{E0B1C19C-2C41-4B48-A9DE-71B98BB55C51}.Debug|Any CPU.Build.0 = Debug|Any CPU
		{E0B1C19C-2C41-4B48-A9DE-71B98BB55C51}.Release|Any CPU.ActiveCfg = Release|Any CPU
		{E0B1C19C-2C41-4B48-A9DE-71B98BB55C51}.Release|Any CPU.Build.0 = Release|Any CPU
	EndGlobalSection
	GlobalSection(SolutionProperties) = preSolution
		HideSolutionNode = FALSE
	EndGlobalSection
	GlobalSection(ExtensibilityGlobals) = postSolution
		SolutionGuid = {83B3D655-95F8-41E1-BEF1-311B099C1239}
	EndGlobalSection
EndGlobal
